
Microsoft Visual Studio Solution File, Format Version 12.00
# Visual Studio 15
VisualStudioVersion = 15.0.27004.2005
MinimumVisualStudioVersion = 10.0.40219.1
Project("{FAE04EC0-301F-11D3-BF4B-00C04F79EFBC}") = "angular-cli-auth-oidc-sample-google-openid", "angular-cli-auth-oidc-sample-google-openid.csproj", "{437C8BBF-7217-4543-B54A-1FB2FBCDDF04}"
EndProject
Global
	GlobalSection(SolutionConfigurationPlatforms) = preSolution
		Debug|Any CPU = Debug|Any CPU
		Release|Any CPU = Release|Any CPU
	EndGlobalSection
	GlobalSection(ProjectConfigurationPlatforms) = postSolution
		{437C8BBF-7217-4543-B54A-1FB2FBCDDF04}.Debug|Any CPU.ActiveCfg = Debug|Any CPU
		{437C8BBF-7217-4543-B54A-1FB2FBCDDF04}.Debug|Any CPU.Build.0 = Debug|Any CPU
		{437C8BBF-7217-4543-B54A-1FB2FBCDDF04}.Release|Any CPU.ActiveCfg = Release|Any CPU
		{437C8BBF-7217-4543-B54A-1FB2FBCDDF04}.Release|Any CPU.Build.0 = Release|Any CPU
	EndGlobalSection
	GlobalSection(SolutionProperties) = preSolution
		HideSolutionNode = FALSE
	EndGlobalSection
	GlobalSection(ExtensibilityGlobals) = postSolution
		SolutionGuid = {4FE691D1-0AC6-4B17-AB4C-5B08C3D9429C}
	EndGlobalSection
	GlobalSection(TeamFoundationVersionControl) = preSolution
		SccNumberOfProjects = 2
		SccEnterpriseProvider = {4CA58AB2-18FA-4F8D-95D4-32DDF27D184C}
		SccTeamFoundationServer = https://if-it.visualstudio.com/
		SccLocalPath0 = .
		SccProjectUniqueName1 = angular-cli-auth-oidc-sample-google-openid.csproj
		SccLocalPath1 = .
	EndGlobalSection
EndGlobal
